
Microsoft Visual Studio Solution File, Format Version 11.00
# Visual Studio 2010
Project("{FAE04EC0-301F-11D3-BF4B-00C04F79EFBC}") = "Assembly-CSharp", "Assembly-CSharp.csproj", "{1bad9bb1-a170-d66b-35cb-3946c8e77a49}"
EndProject
Project("{FAE04EC0-301F-11D3-BF4B-00C04F79EFBC}") = "Assembly-CSharp-Editor", "Assembly-CSharp-Editor.csproj", "{64abfb88-b631-7ec3-297f-5b0bf3a53fd9}"
EndProject
Global
	GlobalSection(SolutionConfigurationPlatforms) = preSolution
		Debug|Any CPU = Debug|Any CPU
	EndGlobalSection
	GlobalSection(ProjectConfigurationPlatforms) = postSolution
		{1bad9bb1-a170-d66b-35cb-3946c8e77a49}.Debug|Any CPU.ActiveCfg = Debug|Any CPU
		{1bad9bb1-a170-d66b-35cb-3946c8e77a49}.Debug|Any CPU.Build.0 = Debug|Any CPU
		{64abfb88-b631-7ec3-297f-5b0bf3a53fd9}.Debug|Any CPU.ActiveCfg = Debug|Any CPU
		{64abfb88-b631-7ec3-297f-5b0bf3a53fd9}.Debug|Any CPU.Build.0 = Debug|Any CPU
	EndGlobalSection
	GlobalSection(SolutionProperties) = preSolution
		HideSolutionNode = FALSE
	EndGlobalSection
EndGlobal
